lockfileVersion: '9.0'

settings:
  autoInstallPeers: true
  excludeLinksFromLockfile: false

importers:

  .:
    dependencies:
      mdast-util-toc:
        specifier: ^7.1.0
        version: 7.1.0

packages:

  '@types/mdast@4.0.4':
    resolution: {integrity: sha512-kGaNbPh1k7AFzgpud/gMdvIm5xuECykRR+JnWKQno9TAXVa6WIVCGTPvYGekIDL4uwCZQSYbUxNBSb1aUo79oA==}

  '@types/ungap__structured-clone@1.2.0':
    resolution: {integrity: sha512-ZoaihZNLeZSxESbk9PUAPZOlSpcKx81I1+4emtULDVmBLkYutTcMlCj2K9VNlf9EWODxdO6gkAqEaLorXwZQVA==}

  '@types/unist@3.0.3':
    resolution: {integrity: sha512-ko/gIFJRv177XgZsZcBwnqJN5x/Gien8qNOn0D5bQU/zAzVf9Zt3BlcUiLqhV9y4ARk0GbT3tnUiPNgnTXzc/Q==}

  '@ungap/structured-clone@1.2.0':
    resolution: {integrity: sha512-zuVdFrMJiuCDQUMCzQaD6KL28MjnqqN8XnAqiEq9PNm/hCPTSGfrXCOfwj1ow4LFb/tNymJPwsNbVePc1xFqrQ==}

  github-slugger@2.0.0:
    resolution: {integrity: sha512-IaOQ9puYtjrkq7Y0Ygl9KDZnrf/aiUJYUpVf89y8kyaxbRG7Y1SrX/jaumrv81vc61+kiMempujsM3Yw7w5qcw==}

  mdast-util-to-string@4.0.0:
    resolution: {integrity: sha512-0H44vDimn51F0YwvxSJSm0eCDOJTRlmN0R1yBh4HLj9wiV1Dn0QoXGbvFAWj2hSItVTlCmBF1hqKlIyUBVFLPg==}

  mdast-util-toc@7.1.0:
    resolution: {integrity: sha512-2TVKotOQzqdY7THOdn2gGzS9d1Sdd66bvxUyw3aNpWfcPXCLYSJCCgfPy30sEtuzkDraJgqF35dzgmz6xlvH/w==}

  unist-util-is@6.0.0:
    resolution: {integrity: sha512-2qCTHimwdxLfz+YzdGfkqNlH0tLi9xjTnHddPmJwtIG9MGsdbutfTc4P+haPD7l7Cjxf/WZj+we5qfVPvvxfYw==}

  unist-util-visit-parents@6.0.1:
    resolution: {integrity: sha512-L/PqWzfTP9lzzEa6CKs0k2nARxTdZduw3zyh8d2NVBnsyvHjSX4TWse388YrrQKbvI8w20fGjGlhgT96WwKykw==}

  unist-util-visit@5.0.0:
    resolution: {integrity: sha512-MR04uvD+07cwl/yhVuVWAtw+3GOR/knlL55Nd/wAdblk27GCVt3lqpTivy/tkJcZoNPzTwS1Y+KMojlLDhoTzg==}

snapshots:

  '@types/mdast@4.0.4':
    dependencies:
      '@types/unist': 3.0.3

  '@types/ungap__structured-clone@1.2.0': {}

  '@types/unist@3.0.3': {}

  '@ungap/structured-clone@1.2.0': {}

  github-slugger@2.0.0: {}

  mdast-util-to-string@4.0.0:
    dependencies:
      '@types/mdast': 4.0.4

  mdast-util-toc@7.1.0:
    dependencies:
      '@types/mdast': 4.0.4
      '@types/ungap__structured-clone': 1.2.0
      '@ungap/structured-clone': 1.2.0
      github-slugger: 2.0.0
      mdast-util-to-string: 4.0.0
      unist-util-is: 6.0.0
      unist-util-visit: 5.0.0

  unist-util-is@6.0.0:
    dependencies:
      '@types/unist': 3.0.3

  unist-util-visit-parents@6.0.1:
    dependencies:
      '@types/unist': 3.0.3
      unist-util-is: 6.0.0

  unist-util-visit@5.0.0:
    dependencies:
      '@types/unist': 3.0.3
      unist-util-is: 6.0.0
      unist-util-visit-parents: 6.0.1
