{
  "name": "gatsby-remark-table-of-contents",
  "version": "2.0.0",
  "lockfileVersion": 3,
  "requires": true,
  "packages": {
    "": {
      "name": "gatsby-remark-table-of-contents",
      "version": "2.0.0",
      "dependencies": {
        "mdast-util-toc": "^5.1.0"
      }
    },
    "node_modules/@types/mdast": {
      "version": "3.0.15",
      "resolved": "https://registry.npmjs.org/@types/mdast/-/mdast-3.0.15.tgz",
      "integrity": "sha512-LnwD+mUEfxWMa1QpDraczIn6k0Ee3SMicuYSSzS6ZYl2gKS09EClnJYGd8Du6rfc5r/GZEk5o1mRb8TaTj03sQ==",
      "license": "MIT",
      "dependencies": {
        "@types/unist": "^2"
      }
    },
    "node_modules/@types/unist": {
      "version": "2.0.11",
      "resolved": "https://registry.npmjs.org/@types/unist/-/unist-2.0.11.tgz",
      "integrity": "sha512-CmBKiL6NNo/OqgmMn95Fk9Whlp2mtvIv+KNpQKN2F4SjvrEesubTRWGYSg+BnWZOnlCaSTU1sMpsBOzgbYhnsA==",
      "license": "MIT"
    },
    "node_modules/extend": {
      "version": "3.0.2",
      "resolved": "https://registry.npmjs.org/extend/-/extend-3.0.2.tgz",
      "integrity": "sha512-fjquC59cD7CyW6urNXK0FBufkZcoiGG80wTuPujX590cB5Ttln20E2UB4S/WARVqhXffZl2LNgS+gQdPIIim/g==",
      "license": "MIT"
    },
    "node_modules/github-slugger": {
      "version": "1.5.0",
      "license": "ISC"
    },
    "node_modules/mdast-util-to-string": {
      "version": "2.0.0",
      "license": "MIT",
      "funding": {
        "type": "opencollective",
        "url": "https://opencollective.com/unified"
      }
    },
    "node_modules/mdast-util-toc": {
      "version": "5.1.0",
      "license": "MIT",
      "dependencies": {
        "@types/mdast": "^3.0.3",
        "@types/unist": "^2.0.3",
        "extend": "^3.0.2",
        "github-slugger": "^1.2.1",
        "mdast-util-to-string": "^2.0.0",
        "unist-util-is": "^4.0.0",
        "unist-util-visit": "^2.0.0"
      },
      "funding": {
        "type": "opencollective",
        "url": "https://opencollective.com/unified"
      }
    },
    "node_modules/unist-util-is": {
      "version": "4.1.0",
      "license": "MIT",
      "funding": {
        "type": "opencollective",
        "url": "https://opencollective.com/unified"
      }
    },
    "node_modules/unist-util-visit": {
      "version": "2.0.3",
      "license": "MIT",
      "dependencies": {
        "@types/unist": "^2.0.0",
        "unist-util-is": "^4.0.0",
        "unist-util-visit-parents": "^3.0.0"
      },
      "funding": {
        "type": "opencollective",
        "url": "https://opencollective.com/unified"
      }
    },
    "node_modules/unist-util-visit-parents": {
      "version": "3.1.1",
      "resolved": "https://registry.npmjs.org/unist-util-visit-parents/-/unist-util-visit-parents-3.1.1.tgz",
      "integrity": "sha512-1KROIZWo6bcMrZEwiH2UrXDyalAa0uqzWCxCJj6lPOvTve2WkfgCytoDTPaMnodXh1WrXOq0haVYHj99ynJlsg==",
      "license": "MIT",
      "dependencies": {
        "@types/unist": "^2.0.0",
        "unist-util-is": "^4.0.0"
      },
      "funding": {
        "type": "opencollective",
        "url": "https://opencollective.com/unified"
      }
    }
  }
}
